
Microsoft Visual Studio Solution File, Format Version 12.00
# Visual Studio Version 17
VisualStudioVersion = 17.14.36414.22 d17.14
MinimumVisualStudioVersion = 10.0.40219.1
Project("{FAE04EC0-301F-11D3-BF4B-00C04F79EFBC}") = "laba5_DZ_Kuzmina_ISP-232_C", "laba5_DZ_Kuzmina_ISP-232_C.csproj", "{F687416A-D2CC-43C2-80E5-2B5D1A73A136}"
EndProject
Global
	GlobalSection(SolutionConfigurationPlatforms) = preSolution
		Debug|Any CPU = Debug|Any CPU
		Release|Any CPU = Release|Any CPU
	EndGlobalSection
	GlobalSection(ProjectConfigurationPlatforms) = postSolution
		{F687416A-D2CC-43C2-80E5-2B5D1A73A136}.Debug|Any CPU.ActiveCfg = Debug|Any CPU
		{F687416A-D2CC-43C2-80E5-2B5D1A73A136}.Debug|Any CPU.Build.0 = Debug|Any CPU
		{F687416A-D2CC-43C2-80E5-2B5D1A73A136}.Release|Any CPU.ActiveCfg = Release|Any CPU
		{F687416A-D2CC-43C2-80E5-2B5D1A73A136}.Release|Any CPU.Build.0 = Release|Any CPU
	EndGlobalSection
	GlobalSection(SolutionProperties) = preSolution
		HideSolutionNode = FALSE
	EndGlobalSection
	GlobalSection(ExtensibilityGlobals) = postSolution
		SolutionGuid = {1EAC11F3-9AC2-4002-8FA0-ACB6276332CD}
	EndGlobalSection
EndGlobal
